
Microsoft Visual Studio Solution File, Format Version 12.00
# Visual Studio Version 17
VisualStudioVersion = 17.2.32630.192
MinimumVisualStudioVersion = 10.0.40219.1
Project("{FAE04EC0-301F-11D3-BF4B-00C04F79EFBC}") = "BulkyBookWeb", "BulkyBookWeb\BulkyBookWeb.csproj", "{C1F85701-A956-4612-B2D4-5FEC632827D2}"
EndProject
Global
	GlobalSection(SolutionConfigurationPlatforms) = preSolution
		Debug|Any CPU = Debug|Any CPU
		Release|Any CPU = Release|Any CPU
	EndGlobalSection
	GlobalSection(ProjectConfigurationPlatforms) = postSolution
		{C1F85701-A956-4612-B2D4-5FEC632827D2}.Debug|Any CPU.ActiveCfg = Debug|Any CPU
		{C1F85701-A956-4612-B2D4-5FEC632827D2}.Debug|Any CPU.Build.0 = Debug|Any CPU
		{C1F85701-A956-4612-B2D4-5FEC632827D2}.Release|Any CPU.ActiveCfg = Release|Any CPU
		{C1F85701-A956-4612-B2D4-5FEC632827D2}.Release|Any CPU.Build.0 = Release|Any CPU
	EndGlobalSection
	GlobalSection(SolutionProperties) = preSolution
		HideSolutionNode = FALSE
	EndGlobalSection
	GlobalSection(ExtensibilityGlobals) = postSolution
		SolutionGuid = {CE925C88-F300-4A40-B2E0-85B8B51EDE41}
	EndGlobalSection
EndGlobal
